
Microsoft Visual Studio Solution File, Format Version 12.00
# Visual Studio 14
VisualStudioVersion = 14.0.22129.1
MinimumVisualStudioVersion = 10.0.40219.1
Project("{FAE04EC0-301F-11D3-BF4B-00C04F79EFBC}") = "Cirrious.MvvmCross.Ninject", "Cirrious.MvvmCross.Ninject.csproj", "{30E30A33-D404-4142-A7E4-4295AC3E1B3B}"
EndProject
Global
	GlobalSection(SolutionConfigurationPlatforms) = preSolution
		Debug|Any CPU = Debug|Any CPU
		Release|Any CPU = Release|Any CPU
	EndGlobalSection
	GlobalSection(ProjectConfigurationPlatforms) = postSolution
		{30E30A33-D404-4142-A7E4-4295AC3E1B3B}.Debug|Any CPU.ActiveCfg = Debug|Any CPU
		{30E30A33-D404-4142-A7E4-4295AC3E1B3B}.Debug|Any CPU.Build.0 = Debug|Any CPU
		{30E30A33-D404-4142-A7E4-4295AC3E1B3B}.Release|Any CPU.ActiveCfg = Release|Any CPU
		{30E30A33-D404-4142-A7E4-4295AC3E1B3B}.Release|Any CPU.Build.0 = Release|Any CPU
	EndGlobalSection
	GlobalSection(SolutionProperties) = preSolution
		HideSolutionNode = FALSE
	EndGlobalSection
EndGlobal
